
Microsoft Visual Studio Solution File, Format Version 12.00
# Visual Studio 15
VisualStudioVersion = 15.0.27130.2010
MinimumVisualStudioVersion = 10.0.40219.1
Project("{FAE04EC0-301F-11D3-BF4B-00C04F79EFBC}") = "WebApplication3", "WebApplication3\WebApplication3.csproj", "{1F470D0F-FCE4-4920-A7F7-FA2671E3082D}"
EndProject
Global
	GlobalSection(SolutionConfigurationPlatforms) = preSolution
		Debug|Any CPU = Debug|Any CPU
		Release|Any CPU = Release|Any CPU
	EndGlobalSection
	GlobalSection(ProjectConfigurationPlatforms) = postSolution
		{1F470D0F-FCE4-4920-A7F7-FA2671E3082D}.Debug|Any CPU.ActiveCfg = Debug|Any CPU
		{1F470D0F-FCE4-4920-A7F7-FA2671E3082D}.Debug|Any CPU.Build.0 = Debug|Any CPU
		{1F470D0F-FCE4-4920-A7F7-FA2671E3082D}.Release|Any CPU.ActiveCfg = Release|Any CPU
		{1F470D0F-FCE4-4920-A7F7-FA2671E3082D}.Release|Any CPU.Build.0 = Release|Any CPU
	EndGlobalSection
	GlobalSection(SolutionProperties) = preSolution
		HideSolutionNode = FALSE
	EndGlobalSection
	GlobalSection(ExtensibilityGlobals) = postSolution
		SolutionGuid = {AC007029-C31D-481A-BD63-AC09ACFCD7B1}
	EndGlobalSection
EndGlobal
